
Microsoft Visual Studio Solution File, Format Version 12.00
# Visual Studio Version 16
VisualStudioVersion = 16.0.30309.148
MinimumVisualStudioVersion = 10.0.40219.1
Project("{FAE04EC0-301F-11D3-BF4B-00C04F79EFBC}") = "EFMinta", "EFMinta\EFMinta.csproj", "{02F60D00-A845-45D7-98F5-BE21DEEC96A8}"
EndProject
Project("{FAE04EC0-301F-11D3-BF4B-00C04F79EFBC}") = "MintaUnitTest", "MintaUnitTest\MintaUnitTest.csproj", "{12060A52-7D9D-44C1-838B-087B9D048504}"
EndProject
Project("{FAE04EC0-301F-11D3-BF4B-00C04F79EFBC}") = "DataAccessLayer", "DataAccessLayer\DataAccessLayer.csproj", "{F006962F-A7E3-42AA-9126-51AAA8545F16}"
EndProject
Global
	GlobalSection(SolutionConfigurationPlatforms) = preSolution
		Debug|Any CPU = Debug|Any CPU
		Release|Any CPU = Release|Any CPU
	EndGlobalSection
	GlobalSection(ProjectConfigurationPlatforms) = postSolution
		{02F60D00-A845-45D7-98F5-BE21DEEC96A8}.Debug|Any CPU.ActiveCfg = Debug|Any CPU
		{02F60D00-A845-45D7-98F5-BE21DEEC96A8}.Debug|Any CPU.Build.0 = Debug|Any CPU
		{02F60D00-A845-45D7-98F5-BE21DEEC96A8}.Release|Any CPU.ActiveCfg = Release|Any CPU
		{02F60D00-A845-45D7-98F5-BE21DEEC96A8}.Release|Any CPU.Build.0 = Release|Any CPU
		{12060A52-7D9D-44C1-838B-087B9D048504}.Debug|Any CPU.ActiveCfg = Debug|Any CPU
		{12060A52-7D9D-44C1-838B-087B9D048504}.Debug|Any CPU.Build.0 = Debug|Any CPU
		{12060A52-7D9D-44C1-838B-087B9D048504}.Release|Any CPU.ActiveCfg = Release|Any CPU
		{12060A52-7D9D-44C1-838B-087B9D048504}.Release|Any CPU.Build.0 = Release|Any CPU
		{F006962F-A7E3-42AA-9126-51AAA8545F16}.Debug|Any CPU.ActiveCfg = Debug|Any CPU
		{F006962F-A7E3-42AA-9126-51AAA8545F16}.Debug|Any CPU.Build.0 = Debug|Any CPU
		{F006962F-A7E3-42AA-9126-51AAA8545F16}.Release|Any CPU.ActiveCfg = Release|Any CPU
		{F006962F-A7E3-42AA-9126-51AAA8545F16}.Release|Any CPU.Build.0 = Release|Any CPU
	EndGlobalSection
	GlobalSection(SolutionProperties) = preSolution
		HideSolutionNode = FALSE
	EndGlobalSection
	GlobalSection(ExtensibilityGlobals) = postSolution
		SolutionGuid = {8EA60791-3BED-48C4-B341-7E1FE7BFCDBC}
	EndGlobalSection
EndGlobal
